
Microsoft Visual Studio Solution File, Format Version 12.00
# Visual Studio Version 17
VisualStudioVersion = 17.4.33213.308
MinimumVisualStudioVersion = 10.0.40219.1
Project("{FAE04EC0-301F-11D3-BF4B-00C04F79EFBC}") = "CityInfo.Api", "CityInfo.Api\CityInfo.Api.csproj", "{9A4205C0-7302-450F-BEB9-8C7347CBA831}"
EndProject
Global
	GlobalSection(SolutionConfigurationPlatforms) = preSolution
		Debug|Any CPU = Debug|Any CPU
		Release|Any CPU = Release|Any CPU
	EndGlobalSection
	GlobalSection(ProjectConfigurationPlatforms) = postSolution
		{9A4205C0-7302-450F-BEB9-8C7347CBA831}.Debug|Any CPU.ActiveCfg = Debug|Any CPU
		{9A4205C0-7302-450F-BEB9-8C7347CBA831}.Debug|Any CPU.Build.0 = Debug|Any CPU
		{9A4205C0-7302-450F-BEB9-8C7347CBA831}.Release|Any CPU.ActiveCfg = Release|Any CPU
		{9A4205C0-7302-450F-BEB9-8C7347CBA831}.Release|Any CPU.Build.0 = Release|Any CPU
	EndGlobalSection
	GlobalSection(SolutionProperties) = preSolution
		HideSolutionNode = FALSE
	EndGlobalSection
	GlobalSection(ExtensibilityGlobals) = postSolution
		SolutionGuid = {2943F86F-B91B-4DD8-9F7C-32B5D1CB3686}
	EndGlobalSection
EndGlobal
